
Microsoft Visual Studio Solution File, Format Version 12.00
# Visual Studio Version 17
VisualStudioVersion = 17.14.36310.24
MinimumVisualStudioVersion = 10.0.40219.1
Project("{FAE04EC0-301F-11D3-BF4B-00C04F79EFBC}") = "HostShield", "HostShieldC#\HostShield.csproj", "{89BFFA4F-6602-4F1D-B8F0-93D577E25D9A}"
EndProject
Global
	GlobalSection(SolutionConfigurationPlatforms) = preSolution
		Debug|Any CPU = Debug|Any CPU
		Release|Any CPU = Release|Any CPU
	EndGlobalSection
	GlobalSection(ProjectConfigurationPlatforms) = postSolution
		{89BFFA4F-6602-4F1D-B8F0-93D577E25D9A}.Debug|Any CPU.ActiveCfg = Debug|Any CPU
		{89BFFA4F-6602-4F1D-B8F0-93D577E25D9A}.Debug|Any CPU.Build.0 = Debug|Any CPU
		{89BFFA4F-6602-4F1D-B8F0-93D577E25D9A}.Release|Any CPU.ActiveCfg = Release|Any CPU
		{89BFFA4F-6602-4F1D-B8F0-93D577E25D9A}.Release|Any CPU.Build.0 = Release|Any CPU
	EndGlobalSection
	GlobalSection(SolutionProperties) = preSolution
		HideSolutionNode = FALSE
	EndGlobalSection
	GlobalSection(ExtensibilityGlobals) = postSolution
		SolutionGuid = {54AB2EC7-DD8A-49A7-B58C-EF6F2D9832B7}
	EndGlobalSection
EndGlobal
